<?xml version="1.0" encoding="utf-8"?>
<Project ToolsVersion="4.0" xmlns="http://schemas.microsoft.com/developer/msbuild/2003">
  <ItemGroup>
    <Filter Include="Source Files">
      <UniqueIdentifier>{4FC737F1-C7A5-4376-A066-2A32D752A2FF}</UniqueIdentifier>
      <Extensions>cpp;c;cc;cxx;def;odl;idl;hpj;bat;asm;asmx</Extensions>
    </Filter>
    <Filter Include="Header Files">
      <UniqueIdentifier>{93995380-89BD-4b04-88EB-625FBE52EBFB}</UniqueIdentifier>
      <Extensions>h;hpp;hxx;hm;inl;inc;xsd</Extensions>
    </Filter>
    <Filter Include="Resource Files">
      <UniqueIdentifier>{67DA6AB6-F800-4c08-8B7A-83BB121AAD01}</UniqueIdentifier>
      <Extensions>rc;ico;cur;bmp;dlg;rc2;rct;bin;rgs;gif;jpg;jpeg;jpe;resx;tiff;tif;png;wav</Extensions>
    </Filter>
  </ItemGroup>
  <ItemGroup>
    <ClCompile Include="advection_new2_copy.c">
      <Filter>Source Files</Filter>
    </ClCompile>
    <ClCompile Include="boundary_Convective.c">
      <Filter>Source Files</Filter>
    </ClCompile>
    <ClCompile Include="chen_zero_equ_model.c">
      <Filter>Source Files</Filter>
    </ClCompile>
    <ClCompile Include="demo.c">
      <Filter>Source Files</Filter>
    </ClCompile>
    <ClCompile Include="diffusion.c">
      <Filter>Source Files</Filter>
    </ClCompile>
    <ClCompile Include="grid.c">
      <Filter>Source Files</Filter>
    </ClCompile>
    <ClCompile Include="init.c">
      <Filter>Source Files</Filter>
    </ClCompile>
    <ClCompile Include="inlet profile.c">
      <Filter>Source Files</Filter>
    </ClCompile>
    <ClCompile Include="interpolation.c">
      <Filter>Source Files</Filter>
    </ClCompile>
    <ClCompile Include="parameters.c">
      <Filter>Source Files</Filter>
    </ClCompile>
    <ClCompile Include="projection.c">
      <Filter>Source Files</Filter>
    </ClCompile>
    <ClCompile Include="read_data.c">
      <Filter>Source Files</Filter>
    </ClCompile>
    <ClCompile Include="solver.c">
      <Filter>Source Files</Filter>
    </ClCompile>
    <ClCompile Include="solver_gs.c">
      <Filter>Source Files</Filter>
    </ClCompile>
    <ClCompile Include="solver_tdma.c">
      <Filter>Source Files</Filter>
    </ClCompile>
    <ClCompile Include="timing.c">
      <Filter>Source Files</Filter>
    </ClCompile>
    <ClCompile Include="utility.c">
      <Filter>Source Files</Filter>
    </ClCompile>
    <ClCompile Include="write_data.c">
      <Filter>Source Files</Filter>
    </ClCompile>
  </ItemGroup>
  <ItemGroup>
    <ClInclude Include="advection.h">
      <Filter>Header Files</Filter>
    </ClInclude>
    <ClInclude Include="boundary.h">
      <Filter>Header Files</Filter>
    </ClInclude>
    <ClInclude Include="chen_zero_equ_model.h">
      <Filter>Header Files</Filter>
    </ClInclude>
    <ClInclude Include="data_structure.h">
      <Filter>Header Files</Filter>
    </ClInclude>
    <ClInclude Include="diffusion.h">
      <Filter>Header Files</Filter>
    </ClInclude>
    <ClInclude Include="grid.h">
      <Filter>Header Files</Filter>
    </ClInclude>
    <ClInclude Include="init.h">
      <Filter>Header Files</Filter>
    </ClInclude>
    <ClInclude Include="inlet_profile.h">
      <Filter>Header Files</Filter>
    </ClInclude>
    <ClInclude Include="interpolation.h">
      <Filter>Header Files</Filter>
    </ClInclude>
    <ClInclude Include="parameters.h">
      <Filter>Header Files</Filter>
    </ClInclude>
    <ClInclude Include="projection.h">
      <Filter>Header Files</Filter>
    </ClInclude>
    <ClInclude Include="read_data.h">
      <Filter>Header Files</Filter>
    </ClInclude>
    <ClInclude Include="solver.h">
      <Filter>Header Files</Filter>
    </ClInclude>
    <ClInclude Include="solver_gs.h">
      <Filter>Header Files</Filter>
    </ClInclude>
    <ClInclude Include="solver_tdma.h">
      <Filter>Header Files</Filter>
    </ClInclude>
    <ClInclude Include="timing.h">
      <Filter>Header Files</Filter>
    </ClInclude>
    <ClInclude Include="utility.h">
      <Filter>Header Files</Filter>
    </ClInclude>
    <ClInclude Include="write_data.h">
      <Filter>Header Files</Filter>
    </ClInclude>
  </ItemGroup>
</Project>